// !$*UTF8*$!
{
	archiveVersion = 1;
	classes = {};
	objectVersion = 56;
	objects = {

/* Begin PBXBuildFile section */
		A00100000000000000000001 /* DiafitApp.swift in Sources */ = {isa = PBXBuildFile; fileRef = A00200000000000000000001 /* DiafitApp.swift */; };
		A00100000000000000000002 /* RootExperience.swift in Sources */ = {isa = PBXBuildFile; fileRef = A00200000000000000000002 /* RootExperience.swift */; };
		A00100000000000000000003 /* Palette.swift in Sources */ = {isa = PBXBuildFile; fileRef = A00200000000000000000003 /* Palette.swift */; };
		A00100000000000000000004 /* Pressable.swift in Sources */ = {isa = PBXBuildFile; fileRef = A00200000000000000000004 /* Pressable.swift */; };
		A00100000000000000000005 /* MealAtlasView.swift in Sources */ = {isa = PBXBuildFile; fileRef = A00200000000000000000005 /* MealAtlasView.swift */; };
		A00100000000000000000006 /* DayThreadView.swift in Sources */ = {isa = PBXBuildFile; fileRef = A00200000000000000000006 /* DayThreadView.swift */; };
		A00100000000000000000007 /* ThreadItemView.swift in Sources */ = {isa = PBXBuildFile; fileRef = A00200000000000000000007 /* ThreadItemView.swift */; };
		A00100000000000000000008 /* FoodArtwork.swift in Sources */ = {isa = PBXBuildFile; fileRef = A00200000000000000000008 /* FoodArtwork.swift */; };
		A00100000000000000000009 /* MealMomentView.swift in Sources */ = {isa = PBXBuildFile; fileRef = A00200000000000000000009 /* MealMomentView.swift */; };
		A00100000000000000000010 /* DiaryModels.swift in Sources */ = {isa = PBXBuildFile; fileRef = A00200000000000000000010 /* DiaryModels.swift */; };
		A00100000000000000000011 /* DiaryStore.swift in Sources */ = {isa = PBXBuildFile; fileRef = A00200000000000000000011 /* DiaryStore.swift */; };
		A00100000000000000000012 /* NutritionService.swift in Sources */ = {isa = PBXBuildFile; fileRef = A00200000000000000000012 /* NutritionService.swift */; };
		A00100000000000000000013 /* Daylight.metal in Sources */ = {isa = PBXBuildFile; fileRef = A00200000000000000000013 /* Daylight.metal */; };
		A00100000000000000000014 /* DiafitUITests.swift in Sources */ = {isa = PBXBuildFile; fileRef = A00200000000000000000015 /* DiafitUITests.swift */; };
		A00100000000000000000015 /* pasta.png in Resources */ = {isa = PBXBuildFile; fileRef = A00200000000000000000017 /* pasta.png */; };
		A00100000000000000000016 /* berry.png in Resources */ = {isa = PBXBuildFile; fileRef = A00200000000000000000018 /* berry.png */; };
		A00100000000000000000017 /* green.png in Resources */ = {isa = PBXBuildFile; fileRef = A00200000000000000000019 /* green.png */; };
		A00100000000000000000018 /* toast.png in Resources */ = {isa = PBXBuildFile; fileRef = A00200000000000000000020 /* toast.png */; };
		A00100000000000000000019 /* bowl.png in Resources */ = {isa = PBXBuildFile; fileRef = A00200000000000000000021 /* bowl.png */; };
		A00100000000000000000020 /* MealAnalysisModels.swift in Sources */ = {isa = PBXBuildFile; fileRef = A00200000000000000000022 /* MealAnalysisModels.swift */; };
		A00100000000000000000021 /* FoodAnalysisServices.swift in Sources */ = {isa = PBXBuildFile; fileRef = A00200000000000000000023 /* FoodAnalysisServices.swift */; };
		A00100000000000000000022 /* PhotoMealInput.swift in Sources */ = {isa = PBXBuildFile; fileRef = A00200000000000000000024 /* PhotoMealInput.swift */; };
		A00100000000000000000023 /* MealAnalysisReviewCard.swift in Sources */ = {isa = PBXBuildFile; fileRef = A00200000000000000000025 /* MealAnalysisReviewCard.swift */; };
		A00100000000000000000024 /* IndianFoodCatalog.json in Resources */ = {isa = PBXBuildFile; fileRef = A00200000000000000000026 /* IndianFoodCatalog.json */; };
		A00100000000000000000025 /* FoodAnalysisTests.swift in Sources */ = {isa = PBXBuildFile; fileRef = A00200000000000000000027 /* FoodAnalysisTests.swift */; };
		A00100000000000000000026 /* IndianFoodCatalog.json in Resources */ = {isa = PBXBuildFile; fileRef = A00200000000000000000026 /* IndianFoodCatalog.json */; };
		A00100000000000000000027 /* AppDependencies.swift in Sources */ = {isa = PBXBuildFile; fileRef = A00200000000000000000029 /* AppDependencies.swift */; };
		A00100000000000000000028 /* NutritionValidationService.swift in Sources */ = {isa = PBXBuildFile; fileRef = A00200000000000000000030 /* NutritionValidationService.swift */; };
		A00100000000000000000029 /* MealVisualIdentity.swift in Sources */ = {isa = PBXBuildFile; fileRef = A00200000000000000000031 /* MealVisualIdentity.swift */; };
		A00100000000000000000030 /* FoodUnderstandingPipeline.swift in Sources */ = {isa = PBXBuildFile; fileRef = A00200000000000000000032 /* FoodUnderstandingPipeline.swift */; };
		A00100000000000000000031 /* DiaryPersistence.swift in Sources */ = {isa = PBXBuildFile; fileRef = A00200000000000000000033 /* DiaryPersistence.swift */; };
/* End PBXBuildFile section */

/* Begin PBXFileReference section */
		A00200000000000000000001 /* DiafitApp.swift */ = {isa = PBXFileReference; lastKnownFileType = sourcecode.swift; path = DiafitApp.swift; sourceTree = "<group>"; };
		A00200000000000000000002 /* RootExperience.swift */ = {isa = PBXFileReference; lastKnownFileType = sourcecode.swift; path = RootExperience.swift; sourceTree = "<group>"; };
		A00200000000000000000003 /* Palette.swift */ = {isa = PBXFileReference; lastKnownFileType = sourcecode.swift; path = Palette.swift; sourceTree = "<group>"; };
		A00200000000000000000004 /* Pressable.swift */ = {isa = PBXFileReference; lastKnownFileType = sourcecode.swift; path = Pressable.swift; sourceTree = "<group>"; };
		A00200000000000000000005 /* MealAtlasView.swift */ = {isa = PBXFileReference; lastKnownFileType = sourcecode.swift; path = MealAtlasView.swift; sourceTree = "<group>"; };
		A00200000000000000000006 /* DayThreadView.swift */ = {isa = PBXFileReference; lastKnownFileType = sourcecode.swift; path = DayThreadView.swift; sourceTree = "<group>"; };
		A00200000000000000000007 /* ThreadItemView.swift */ = {isa = PBXFileReference; lastKnownFileType = sourcecode.swift; path = ThreadItemView.swift; sourceTree = "<group>"; };
		A00200000000000000000008 /* FoodArtwork.swift */ = {isa = PBXFileReference; lastKnownFileType = sourcecode.swift; path = FoodArtwork.swift; sourceTree = "<group>"; };
		A00200000000000000000009 /* MealMomentView.swift */ = {isa = PBXFileReference; lastKnownFileType = sourcecode.swift; path = MealMomentView.swift; sourceTree = "<group>"; };
		A00200000000000000000010 /* DiaryModels.swift */ = {isa = PBXFileReference; lastKnownFileType = sourcecode.swift; path = DiaryModels.swift; sourceTree = "<group>"; };
		A00200000000000000000011 /* DiaryStore.swift */ = {isa = PBXFileReference; lastKnownFileType = sourcecode.swift; path = DiaryStore.swift; sourceTree = "<group>"; };
		A00200000000000000000012 /* NutritionService.swift */ = {isa = PBXFileReference; lastKnownFileType = sourcecode.swift; path = NutritionService.swift; sourceTree = "<group>"; };
		A00200000000000000000013 /* Daylight.metal */ = {isa = PBXFileReference; lastKnownFileType = sourcecode.metal; path = Daylight.metal; sourceTree = "<group>"; };
		A00200000000000000000014 /* Diafit.app */ = {isa = PBXFileReference; explicitFileType = wrapper.application; includeInIndex = 0; path = Diafit.app; sourceTree = BUILT_PRODUCTS_DIR; };
		A00200000000000000000015 /* DiafitUITests.swift */ = {isa = PBXFileReference; lastKnownFileType = sourcecode.swift; path = DiafitUITests.swift; sourceTree = "<group>"; };
		A00200000000000000000016 /* DiafitUITests.xctest */ = {isa = PBXFileReference; explicitFileType = wrapper.cfbundle; includeInIndex = 0; path = DiafitUITests.xctest; sourceTree = BUILT_PRODUCTS_DIR; };
		A00200000000000000000017 /* pasta.png */ = {isa = PBXFileReference; lastKnownFileType = image.png; path = pasta.png; sourceTree = "<group>"; };
		A00200000000000000000018 /* berry.png */ = {isa = PBXFileReference; lastKnownFileType = image.png; path = berry.png; sourceTree = "<group>"; };
		A00200000000000000000019 /* green.png */ = {isa = PBXFileReference; lastKnownFileType = image.png; path = green.png; sourceTree = "<group>"; };
		A00200000000000000000020 /* toast.png */ = {isa = PBXFileReference; lastKnownFileType = image.png; path = toast.png; sourceTree = "<group>"; };
		A00200000000000000000021 /* bowl.png */ = {isa = PBXFileReference; lastKnownFileType = image.png; path = bowl.png; sourceTree = "<group>"; };
		A00200000000000000000022 /* MealAnalysisModels.swift */ = {isa = PBXFileReference; lastKnownFileType = sourcecode.swift; path = MealAnalysisModels.swift; sourceTree = "<group>"; };
		A00200000000000000000023 /* FoodAnalysisServices.swift */ = {isa = PBXFileReference; lastKnownFileType = sourcecode.swift; path = FoodAnalysisServices.swift; sourceTree = "<group>"; };
		A00200000000000000000024 /* PhotoMealInput.swift */ = {isa = PBXFileReference; lastKnownFileType = sourcecode.swift; path = PhotoMealInput.swift; sourceTree = "<group>"; };
		A00200000000000000000025 /* MealAnalysisReviewCard.swift */ = {isa = PBXFileReference; lastKnownFileType = sourcecode.swift; path = MealAnalysisReviewCard.swift; sourceTree = "<group>"; };
		A00200000000000000000026 /* IndianFoodCatalog.json */ = {isa = PBXFileReference; lastKnownFileType = text.json; path = IndianFoodCatalog.json; sourceTree = "<group>"; };
		A00200000000000000000027 /* FoodAnalysisTests.swift */ = {isa = PBXFileReference; lastKnownFileType = sourcecode.swift; path = FoodAnalysisTests.swift; sourceTree = "<group>"; };
		A00200000000000000000028 /* DiafitTests.xctest */ = {isa = PBXFileReference; explicitFileType = wrapper.cfbundle; includeInIndex = 0; path = DiafitTests.xctest; sourceTree = BUILT_PRODUCTS_DIR; };
		A00200000000000000000029 /* AppDependencies.swift */ = {isa = PBXFileReference; lastKnownFileType = sourcecode.swift; path = AppDependencies.swift; sourceTree = "<group>"; };
		A00200000000000000000030 /* NutritionValidationService.swift */ = {isa = PBXFileReference; lastKnownFileType = sourcecode.swift; path = NutritionValidationService.swift; sourceTree = "<group>"; };
		A00200000000000000000031 /* MealVisualIdentity.swift */ = {isa = PBXFileReference; lastKnownFileType = sourcecode.swift; path = MealVisualIdentity.swift; sourceTree = "<group>"; };
		A00200000000000000000032 /* FoodUnderstandingPipeline.swift */ = {isa = PBXFileReference; lastKnownFileType = sourcecode.swift; path = FoodUnderstandingPipeline.swift; sourceTree = "<group>"; };
		A00200000000000000000033 /* DiaryPersistence.swift */ = {isa = PBXFileReference; lastKnownFileType = sourcecode.swift; path = DiaryPersistence.swift; sourceTree = "<group>"; };
/* End PBXFileReference section */

/* Begin PBXFrameworksBuildPhase section */
		A00300000000000000000001 /* Frameworks */ = {isa = PBXFrameworksBuildPhase; buildActionMask = 2147483647; files = (); runOnlyForDeploymentPostprocessing = 0; };
/* End PBXFrameworksBuildPhase section */

/* Begin PBXGroup section */
		A00400000000000000000001 = {isa = PBXGroup; children = (A00400000000000000000002 /* Diafit */, A00400000000000000000013 /* DiafitUITests */, A00400000000000000000015 /* DiafitTests */, A00400000000000000000009 /* Products */); sourceTree = "<group>"; };
		A00400000000000000000002 /* Diafit */ = {isa = PBXGroup; children = (A00400000000000000000003 /* App */, A00400000000000000000004 /* Design */, A00400000000000000000005 /* Features */, A00400000000000000000006 /* Models */, A00400000000000000000007 /* Services */, A00400000000000000000008 /* Resources */); path = Diafit; sourceTree = "<group>"; };
		A00400000000000000000003 /* App */ = {isa = PBXGroup; children = (A00200000000000000000001, A00200000000000000000002, A00200000000000000000029); path = App; sourceTree = "<group>"; };
		A00400000000000000000004 /* Design */ = {isa = PBXGroup; children = (A00200000000000000000003, A00200000000000000000004); path = Design; sourceTree = "<group>"; };
		A00400000000000000000005 /* Features */ = {isa = PBXGroup; children = (A00400000000000000000010 /* Atlas */, A00400000000000000000011 /* Day */, A00400000000000000000012 /* Meal */); path = Features; sourceTree = "<group>"; };
		A00400000000000000000006 /* Models */ = {isa = PBXGroup; children = (A00200000000000000000010, A00200000000000000000011, A00200000000000000000033, A00200000000000000000022); path = Models; sourceTree = "<group>"; };
		A00400000000000000000007 /* Services */ = {isa = PBXGroup; children = (A00200000000000000000012, A00200000000000000000023, A00200000000000000000030, A00200000000000000000031, A00200000000000000000032); path = Services; sourceTree = "<group>"; };
		A00400000000000000000008 /* Resources */ = {isa = PBXGroup; children = (A00200000000000000000013, A00400000000000000000014 /* Food */, A00200000000000000000026); path = Resources; sourceTree = "<group>"; };
		A00400000000000000000009 /* Products */ = {isa = PBXGroup; children = (A00200000000000000000014, A00200000000000000000016, A00200000000000000000028); name = Products; sourceTree = "<group>"; };
		A00400000000000000000010 /* Atlas */ = {isa = PBXGroup; children = (A00200000000000000000005); path = Atlas; sourceTree = "<group>"; };
		A00400000000000000000011 /* Day */ = {isa = PBXGroup; children = (A00200000000000000000006, A00200000000000000000007, A00200000000000000000024); path = Day; sourceTree = "<group>"; };
		A00400000000000000000012 /* Meal */ = {isa = PBXGroup; children = (A00200000000000000000008, A00200000000000000000009, A00200000000000000000025); path = Meal; sourceTree = "<group>"; };
		A00400000000000000000013 /* DiafitUITests */ = {isa = PBXGroup; children = (A00200000000000000000015); path = DiafitUITests; sourceTree = "<group>"; };
		A00400000000000000000014 /* Food */ = {isa = PBXGroup; children = (A00200000000000000000017, A00200000000000000000018, A00200000000000000000019, A00200000000000000000020, A00200000000000000000021); path = Food; sourceTree = "<group>"; };
		A00400000000000000000015 /* DiafitTests */ = {isa = PBXGroup; children = (A00200000000000000000027); path = DiafitTests; sourceTree = "<group>"; };
/* End PBXGroup section */

/* Begin PBXNativeTarget section */
		A00500000000000000000001 /* Diafit */ = {isa = PBXNativeTarget; buildConfigurationList = A00600000000000000000002 /* Build configuration list for PBXNativeTarget "Diafit" */; buildPhases = (A00300000000000000000004 /* Compile Daylight shader */, A00300000000000000000002 /* Sources */, A00300000000000000000001 /* Frameworks */, A00300000000000000000003 /* Resources */); buildRules = (); dependencies = (); name = Diafit; productName = Diafit; productReference = A00200000000000000000014 /* Diafit.app */; productType = "com.apple.product-type.application"; };
		A00500000000000000000002 /* DiafitUITests */ = {isa = PBXNativeTarget; buildConfigurationList = A00600000000000000000003 /* Build configuration list for PBXNativeTarget "DiafitUITests" */; buildPhases = (A00300000000000000000005 /* Sources */, A00300000000000000000006 /* Frameworks */); buildRules = (); dependencies = (A01000000000000000000001 /* PBXTargetDependency */); name = DiafitUITests; productName = DiafitUITests; productReference = A00200000000000000000016 /* DiafitUITests.xctest */; productType = "com.apple.product-type.bundle.ui-testing"; };
		A00500000000000000000003 /* DiafitTests */ = {isa = PBXNativeTarget; buildConfigurationList = A00600000000000000000004 /* Build configuration list for PBXNativeTarget "DiafitTests" */; buildPhases = (A00300000000000000000007 /* Sources */, A00300000000000000000008 /* Frameworks */, A00300000000000000000009 /* Resources */); buildRules = (); dependencies = (A01000000000000000000002 /* PBXTargetDependency */); name = DiafitTests; productName = DiafitTests; productReference = A00200000000000000000028 /* DiafitTests.xctest */; productType = "com.apple.product-type.bundle.unit-test"; };
/* End PBXNativeTarget section */

/* Begin PBXProject section */
		A00700000000000000000001 /* Project object */ = {isa = PBXProject; attributes = {LastSwiftUpdateCheck = 1600; LastUpgradeCheck = 1600; TargetAttributes = {A00500000000000000000001 = {CreatedOnToolsVersion = 16.0; }; A00500000000000000000002 = {CreatedOnToolsVersion = 16.0; TestTargetID = A00500000000000000000001; }; A00500000000000000000003 = {CreatedOnToolsVersion = 16.0; TestTargetID = A00500000000000000000001; };};}; buildConfigurationList = A00600000000000000000001 /* Build configuration list for PBXProject "Diafit" */; compatibilityVersion = "Xcode 14.0"; developmentRegion = en; hasScannedForEncodings = 0; knownRegions = (en, Base); mainGroup = A00400000000000000000001; productRefGroup = A00400000000000000000009 /* Products */; projectDirPath = ""; projectRoot = ""; targets = (A00500000000000000000001 /* Diafit */, A00500000000000000000002 /* DiafitUITests */, A00500000000000000000003 /* DiafitTests */); };
/* End PBXProject section */

/* Begin PBXResourcesBuildPhase section */
		A00300000000000000000003 /* Resources */ = {isa = PBXResourcesBuildPhase; buildActionMask = 2147483647; files = (A00100000000000000000015, A00100000000000000000016, A00100000000000000000017, A00100000000000000000018, A00100000000000000000019, A00100000000000000000024); runOnlyForDeploymentPostprocessing = 0; };
		A00300000000000000000009 /* Resources */ = {isa = PBXResourcesBuildPhase; buildActionMask = 2147483647; files = (A00100000000000000000026); runOnlyForDeploymentPostprocessing = 0; };
/* End PBXResourcesBuildPhase section */

/* Begin PBXContainerItemProxy section */
		A00900000000000000000001 /* PBXContainerItemProxy */ = {isa = PBXContainerItemProxy; containerPortal = A00700000000000000000001 /* Project object */; proxyType = 1; remoteGlobalIDString = A00500000000000000000001; remoteInfo = Diafit; };
		A00900000000000000000002 /* PBXContainerItemProxy */ = {isa = PBXContainerItemProxy; containerPortal = A00700000000000000000001 /* Project object */; proxyType = 1; remoteGlobalIDString = A00500000000000000000001; remoteInfo = Diafit; };
/* End PBXContainerItemProxy section */

/* Begin PBXTargetDependency section */
		A01000000000000000000001 /* PBXTargetDependency */ = {isa = PBXTargetDependency; target = A00500000000000000000001 /* Diafit */; targetProxy = A00900000000000000000001 /* PBXContainerItemProxy */; };
		A01000000000000000000002 /* PBXTargetDependency */ = {isa = PBXTargetDependency; target = A00500000000000000000001 /* Diafit */; targetProxy = A00900000000000000000002 /* PBXContainerItemProxy */; };
/* End PBXTargetDependency section */

/* Begin PBXShellScriptBuildPhase section */
		A00300000000000000000004 /* Compile Daylight shader */ = {isa = PBXShellScriptBuildPhase; buildActionMask = 2147483647; files = (); inputPaths = ("$(SRCROOT)/Diafit/Resources/Daylight.metal",); name = "Compile Daylight shader"; outputPaths = ("$(TARGET_BUILD_DIR)/$(UNLOCALIZED_RESOURCES_FOLDER_PATH)/default.metallib",); runOnlyForDeploymentPostprocessing = 0; shellPath = /bin/sh; shellScript = "set -e\nMETAL_TOOL=$(/usr/bin/find /private/var/run/com.apple.security.cryptexd/mnt -path '*Metal.xctoolchain/usr/bin/metal' -type f -print -quit 2>/dev/null || true)\nif [ -z \"$METAL_TOOL\" ]; then METAL_TOOL=$(/usr/bin/xcrun --find metal); fi\nMETALLIB_TOOL=\"$(dirname \"$METAL_TOOL\")/metallib\"\nif [ \"$PLATFORM_NAME\" = \"iphonesimulator\" ]; then TARGET=\"air64-apple-ios${IPHONEOS_DEPLOYMENT_TARGET}-simulator\"; else TARGET=\"air64-apple-ios${IPHONEOS_DEPLOYMENT_TARGET}\"; fi\nmkdir -p \"$DERIVED_FILE_DIR/MetalModules\" \"$TARGET_BUILD_DIR/$UNLOCALIZED_RESOURCES_FOLDER_PATH\"\n\"$METAL_TOOL\" -c -target \"$TARGET\" -fmodules-cache-path=\"$DERIVED_FILE_DIR/MetalModules\" -isysroot \"$SDKROOT\" \"$SRCROOT/Diafit/Resources/Daylight.metal\" -o \"$DERIVED_FILE_DIR/Daylight.air\"\n\"$METALLIB_TOOL\" \"$DERIVED_FILE_DIR/Daylight.air\" -o \"$TARGET_BUILD_DIR/$UNLOCALIZED_RESOURCES_FOLDER_PATH/default.metallib\"\n"; };
/* End PBXShellScriptBuildPhase section */

/* Begin PBXSourcesBuildPhase section */
		A00300000000000000000002 /* Sources */ = {isa = PBXSourcesBuildPhase; buildActionMask = 2147483647; files = (A00100000000000000000001, A00100000000000000000002, A00100000000000000000003, A00100000000000000000004, A00100000000000000000005, A00100000000000000000006, A00100000000000000000007, A00100000000000000000008, A00100000000000000000009, A00100000000000000000010, A00100000000000000000011, A00100000000000000000031, A00100000000000000000012, A00100000000000000000020, A00100000000000000000021, A00100000000000000000022, A00100000000000000000023, A00100000000000000000027, A00100000000000000000028, A00100000000000000000029, A00100000000000000000030); runOnlyForDeploymentPostprocessing = 0; };
		A00300000000000000000005 /* Sources */ = {isa = PBXSourcesBuildPhase; buildActionMask = 2147483647; files = (A00100000000000000000014); runOnlyForDeploymentPostprocessing = 0; };
		A00300000000000000000007 /* Sources */ = {isa = PBXSourcesBuildPhase; buildActionMask = 2147483647; files = (A00100000000000000000025); runOnlyForDeploymentPostprocessing = 0; };
/* End PBXSourcesBuildPhase section */

/* Begin PBXFrameworksBuildPhase section */
		A00300000000000000000006 /* Frameworks */ = {isa = PBXFrameworksBuildPhase; buildActionMask = 2147483647; files = (); runOnlyForDeploymentPostprocessing = 0; };
		A00300000000000000000008 /* Frameworks */ = {isa = PBXFrameworksBuildPhase; buildActionMask = 2147483647; files = (); runOnlyForDeploymentPostprocessing = 0; };
/* End PBXFrameworksBuildPhase section */

/* Begin XCBuildConfiguration section */
		A00800000000000000000001 /* Debug */ = {isa = XCBuildConfiguration; buildSettings = {ALWAYS_SEARCH_USER_PATHS = NO; CLANG_CXX_LANGUAGE_STANDARD = "gnu++20"; CLANG_ENABLE_MODULES = YES; CLANG_ENABLE_OBJC_ARC = YES; CLANG_WARN_QUOTED_INCLUDE_IN_FRAMEWORK_HEADER = YES; CLANG_WARN_UNGUARDED_AVAILABILITY = YES_AGGRESSIVE; DEBUG_INFORMATION_FORMAT = dwarf; ENABLE_TESTABILITY = YES; GCC_C_LANGUAGE_STANDARD = gnu17; GCC_NO_COMMON_BLOCKS = YES; GCC_OPTIMIZATION_LEVEL = 0; SDKROOT = iphoneos; SWIFT_ACTIVE_COMPILATION_CONDITIONS = "DEBUG $(inherited)"; SWIFT_OPTIMIZATION_LEVEL = "-Onone"; }; name = Debug; };
		A00800000000000000000002 /* Release */ = {isa = XCBuildConfiguration; buildSettings = {ALWAYS_SEARCH_USER_PATHS = NO; CLANG_CXX_LANGUAGE_STANDARD = "gnu++20"; CLANG_ENABLE_MODULES = YES; CLANG_ENABLE_OBJC_ARC = YES; CLANG_WARN_QUOTED_INCLUDE_IN_FRAMEWORK_HEADER = YES; CLANG_WARN_UNGUARDED_AVAILABILITY = YES_AGGRESSIVE; DEBUG_INFORMATION_FORMAT = "dwarf-with-dsym"; GCC_C_LANGUAGE_STANDARD = gnu17; GCC_NO_COMMON_BLOCKS = YES; SDKROOT = iphoneos; SWIFT_COMPILATION_MODE = wholemodule; SWIFT_OPTIMIZATION_LEVEL = "-O"; }; name = Release; };
		A00800000000000000000003 /* Debug */ = {isa = XCBuildConfiguration; buildSettings = {CODE_SIGNING_ALLOWED = NO; CURRENT_PROJECT_VERSION = 1; GENERATE_INFOPLIST_FILE = YES; INFOPLIST_KEY_NSCameraUsageDescription = "Diafit uses the camera only when you choose to add a meal photo for review."; INFOPLIST_KEY_NSPhotoLibraryUsageDescription = "Diafit lets you choose a meal photo to review before logging it."; INFOPLIST_KEY_UIApplicationSceneManifest_Generation = YES; INFOPLIST_KEY_UIApplicationSupportsIndirectInputEvents = YES; INFOPLIST_KEY_UILaunchScreen_Generation = YES; INFOPLIST_KEY_CFBundleDisplayName = Diafit; IPHONEOS_DEPLOYMENT_TARGET = 17.0; LD_RUNPATH_SEARCH_PATHS = "$(inherited) @executable_path/Frameworks"; MARKETING_VERSION = 1.0; PRODUCT_BUNDLE_IDENTIFIER = com.imranahmad.diafit; PRODUCT_NAME = "$(TARGET_NAME)"; SUPPORTED_PLATFORMS = "iphoneos iphonesimulator"; SUPPORTS_MACCATALYST = NO; SWIFT_EMIT_LOC_STRINGS = YES; SWIFT_VERSION = 5.0; TARGETED_DEVICE_FAMILY = 1; }; name = Debug; };
		A00800000000000000000004 /* Release */ = {isa = XCBuildConfiguration; buildSettings = {CODE_SIGNING_ALLOWED = NO; CURRENT_PROJECT_VERSION = 1; GENERATE_INFOPLIST_FILE = YES; INFOPLIST_KEY_NSCameraUsageDescription = "Diafit uses the camera only when you choose to add a meal photo for review."; INFOPLIST_KEY_NSPhotoLibraryUsageDescription = "Diafit lets you choose a meal photo to review before logging it."; INFOPLIST_KEY_UIApplicationSceneManifest_Generation = YES; INFOPLIST_KEY_UIApplicationSupportsIndirectInputEvents = YES; INFOPLIST_KEY_UILaunchScreen_Generation = YES; INFOPLIST_KEY_CFBundleDisplayName = Diafit; IPHONEOS_DEPLOYMENT_TARGET = 17.0; LD_RUNPATH_SEARCH_PATHS = "$(inherited) @executable_path/Frameworks"; MARKETING_VERSION = 1.0; PRODUCT_BUNDLE_IDENTIFIER = com.imranahmad.diafit; PRODUCT_NAME = "$(TARGET_NAME)"; SUPPORTED_PLATFORMS = "iphoneos iphonesimulator"; SUPPORTS_MACCATALYST = NO; SWIFT_EMIT_LOC_STRINGS = YES; SWIFT_VERSION = 5.0; TARGETED_DEVICE_FAMILY = 1; }; name = Release; };
		A00800000000000000000005 /* Debug */ = {isa = XCBuildConfiguration; buildSettings = {CODE_SIGNING_ALLOWED = NO; GENERATE_INFOPLIST_FILE = YES; IPHONEOS_DEPLOYMENT_TARGET = 17.0; PRODUCT_BUNDLE_IDENTIFIER = com.imranahmad.diafitUITests; PRODUCT_NAME = "$(TARGET_NAME)"; SWIFT_VERSION = 5.0; TARGETED_DEVICE_FAMILY = 1; TEST_TARGET_NAME = Diafit; }; name = Debug; };
		A00800000000000000000006 /* Release */ = {isa = XCBuildConfiguration; buildSettings = {CODE_SIGNING_ALLOWED = NO; GENERATE_INFOPLIST_FILE = YES; IPHONEOS_DEPLOYMENT_TARGET = 17.0; PRODUCT_BUNDLE_IDENTIFIER = com.imranahmad.diafitUITests; PRODUCT_NAME = "$(TARGET_NAME)"; SWIFT_VERSION = 5.0; TARGETED_DEVICE_FAMILY = 1; TEST_TARGET_NAME = Diafit; }; name = Release; };
		A00800000000000000000007 /* Debug */ = {isa = XCBuildConfiguration; buildSettings = {BUNDLE_LOADER = "$(TEST_HOST)"; CODE_SIGNING_ALLOWED = NO; GENERATE_INFOPLIST_FILE = YES; IPHONEOS_DEPLOYMENT_TARGET = 17.0; LD_RUNPATH_SEARCH_PATHS = "$(inherited) @executable_path/Frameworks @loader_path/Frameworks"; PRODUCT_BUNDLE_IDENTIFIER = com.imranahmad.diafitTests; PRODUCT_NAME = "$(TARGET_NAME)"; SWIFT_VERSION = 5.0; TARGETED_DEVICE_FAMILY = 1; TEST_HOST = "$(BUILT_PRODUCTS_DIR)/Diafit.app/Diafit"; TEST_TARGET_NAME = Diafit; }; name = Debug; };
		A00800000000000000000008 /* Release */ = {isa = XCBuildConfiguration; buildSettings = {BUNDLE_LOADER = "$(TEST_HOST)"; CODE_SIGNING_ALLOWED = NO; GENERATE_INFOPLIST_FILE = YES; IPHONEOS_DEPLOYMENT_TARGET = 17.0; LD_RUNPATH_SEARCH_PATHS = "$(inherited) @executable_path/Frameworks @loader_path/Frameworks"; PRODUCT_BUNDLE_IDENTIFIER = com.imranahmad.diafitTests; PRODUCT_NAME = "$(TARGET_NAME)"; SWIFT_VERSION = 5.0; TARGETED_DEVICE_FAMILY = 1; TEST_HOST = "$(BUILT_PRODUCTS_DIR)/Diafit.app/Diafit"; TEST_TARGET_NAME = Diafit; }; name = Release; };
/* End XCBuildConfiguration section */

/* Begin XCConfigurationList section */
		A00600000000000000000001 /* Build configuration list for PBXProject "Diafit" */ = {isa = XCConfigurationList; buildConfigurations = (A00800000000000000000001 /* Debug */, A00800000000000000000002 /* Release */); defaultConfigurationIsVisible = 0; defaultConfigurationName = Release; };
		A00600000000000000000002 /* Build configuration list for PBXNativeTarget "Diafit" */ = {isa = XCConfigurationList; buildConfigurations = (A00800000000000000000003 /* Debug */, A00800000000000000000004 /* Release */); defaultConfigurationIsVisible = 0; defaultConfigurationName = Release; };
		A00600000000000000000003 /* Build configuration list for PBXNativeTarget "DiafitUITests" */ = {isa = XCConfigurationList; buildConfigurations = (A00800000000000000000005 /* Debug */, A00800000000000000000006 /* Release */); defaultConfigurationIsVisible = 0; defaultConfigurationName = Release; };
		A00600000000000000000004 /* Build configuration list for PBXNativeTarget "DiafitTests" */ = {isa = XCConfigurationList; buildConfigurations = (A00800000000000000000007 /* Debug */, A00800000000000000000008 /* Release */); defaultConfigurationIsVisible = 0; defaultConfigurationName = Release; };
/* End XCConfigurationList section */
	};
	rootObject = A00700000000000000000001 /* Project object */;
}
